
Microsoft Visual Studio Solution File, Format Version 12.00
Project("{FAE04EC0-301F-11D3-BF4B-00C04F79EFBC}") = "CustomerX", "CustomerX\CustomerX.csproj", "{80F1BFA9-9CA2-41A2-A61E-590FB6F49FA4}"
EndProject
Project("{FAE04EC0-301F-11D3-BF4B-00C04F79EFBC}") = "UnitTests", "UnitTests\UnitTests.csproj", "{58F71E24-DBF8-45AD-8731-90B455293ACC}"
EndProject
Global
	GlobalSection(SolutionConfigurationPlatforms) = preSolution
		Debug|Any CPU = Debug|Any CPU
		Release|Any CPU = Release|Any CPU
	EndGlobalSection
	GlobalSection(ProjectConfigurationPlatforms) = postSolution
		{80F1BFA9-9CA2-41A2-A61E-590FB6F49FA4}.Debug|Any CPU.ActiveCfg = Debug|Any CPU
		{80F1BFA9-9CA2-41A2-A61E-590FB6F49FA4}.Debug|Any CPU.Build.0 = Debug|Any CPU
		{80F1BFA9-9CA2-41A2-A61E-590FB6F49FA4}.Release|Any CPU.ActiveCfg = Release|Any CPU
		{80F1BFA9-9CA2-41A2-A61E-590FB6F49FA4}.Release|Any CPU.Build.0 = Release|Any CPU
		{58F71E24-DBF8-45AD-8731-90B455293ACC}.Debug|Any CPU.ActiveCfg = Debug|Any CPU
		{58F71E24-DBF8-45AD-8731-90B455293ACC}.Debug|Any CPU.Build.0 = Debug|Any CPU
		{58F71E24-DBF8-45AD-8731-90B455293ACC}.Release|Any CPU.ActiveCfg = Release|Any CPU
		{58F71E24-DBF8-45AD-8731-90B455293ACC}.Release|Any CPU.Build.0 = Release|Any CPU
	EndGlobalSection
EndGlobal
